
Microsoft Visual Studio Solution File, Format Version 12.00
# Visual Studio 14
VisualStudioVersion = 14.0.25420.1
MinimumVisualStudioVersion = 10.0.40219.1
Project("{F2A71F9B-5D33-465A-A702-920D77279786}") = "codingame-Horse-racing Duals", "codingame-Horse-racing Duals\codingame-Horse-racing Duals.fsproj", "{E08B6949-15A0-4ACE-B507-8F28A25725BC}"
EndProject
Global
	GlobalSection(SolutionConfigurationPlatforms) = preSolution
		Debug|Any CPU = Debug|Any CPU
		Release|Any CPU = Release|Any CPU
	EndGlobalSection
	GlobalSection(ProjectConfigurationPlatforms) = postSolution
		{E08B6949-15A0-4ACE-B507-8F28A25725BC}.Debug|Any CPU.ActiveCfg = Debug|Any CPU
		{E08B6949-15A0-4ACE-B507-8F28A25725BC}.Debug|Any CPU.Build.0 = Debug|Any CPU
		{E08B6949-15A0-4ACE-B507-8F28A25725BC}.Release|Any CPU.ActiveCfg = Release|Any CPU
		{E08B6949-15A0-4ACE-B507-8F28A25725BC}.Release|Any CPU.Build.0 = Release|Any CPU
	EndGlobalSection
	GlobalSection(SolutionProperties) = preSolution
		HideSolutionNode = FALSE
	EndGlobalSection
EndGlobal
